
Microsoft Visual Studio Solution File, Format Version 12.00
# Visual Studio Version 17
VisualStudioVersion = 17.5.33424.131
MinimumVisualStudioVersion = 10.0.40219.1
Project("{9A19103F-16F7-4668-BE54-9A1E7A4F7556}") = "Helloworld", "Helloworld.csproj", "{E89B3109-23AD-48CA-95A7-BB2B437136A7}"
EndProject
Global
	GlobalSection(SolutionConfigurationPlatforms) = preSolution
		Debug|Any CPU = Debug|Any CPU
		Release|Any CPU = Release|Any CPU
	EndGlobalSection
	GlobalSection(ProjectConfigurationPlatforms) = postSolution
		{E89B3109-23AD-48CA-95A7-BB2B437136A7}.Debug|Any CPU.ActiveCfg = Debug|Any CPU
		{E89B3109-23AD-48CA-95A7-BB2B437136A7}.Debug|Any CPU.Build.0 = Debug|Any CPU
		{E89B3109-23AD-48CA-95A7-BB2B437136A7}.Release|Any CPU.ActiveCfg = Release|Any CPU
		{E89B3109-23AD-48CA-95A7-BB2B437136A7}.Release|Any CPU.Build.0 = Release|Any CPU
	EndGlobalSection
	GlobalSection(SolutionProperties) = preSolution
		HideSolutionNode = FALSE
	EndGlobalSection
	GlobalSection(ExtensibilityGlobals) = postSolution
		SolutionGuid = {8879DFB2-3B73-4C81-BEBF-E54A9BA6099E}
	EndGlobalSection
EndGlobal
